# THIS IS AN AUTOGENERATED FILE. DO NOT EDIT THIS FILE DIRECTLY.
# yarn lockfile v1


accepts@~1.3.7:
  version "1.3.7"
  resolved "https://registry.npmmirror.com/accepts/download/accepts-1.3.7.tgz"
  integrity sha1-UxvHJlF6OytB+FACHGzBXqq1B80=
  dependencies:
    mime-types "~2.1.24"
    negotiator "0.6.2"

acorn@^5.0.3:
  version "5.7.4"
  resolved "https://registry.npmmirror.com/acorn/download/acorn-5.7.4.tgz"
  integrity sha512-1D++VG7BhrtvQpNbBzovKNc1FLGGEE/oGe7b9xJm/RFHMBeUaUGpluV9RLjZa47YFdPcDAenEYuq9pQPcMdLJg==

array-flatten@1.1.1:
  version "1.1.1"
  resolved "https://registry.npmmirror.com/array-flatten/download/array-flatten-1.1.1.tgz"
  integrity sha1-ml9pkFGx5wczKPKgCJaLZOopVdI=

art-template@^4.13.2:
  version "4.13.2"
  resolved "https://registry.npmmirror.com/art-template/download/art-template-4.13.2.tgz"
  integrity sha512-04ws5k+ndA5DghfheY4c8F1304XJKeTcaXqZCLpxFkNMSkaR3ChW1pX2i9d3sEEOZuLy7de8lFriRaik1jEeOQ==
  dependencies:
    acorn "^5.0.3"
    escodegen "^1.8.1"
    estraverse "^4.2.0"
    html-minifier "^3.4.3"
    is-keyword-js "^1.0.3"
    js-tokens "^3.0.1"
    merge-source-map "^1.0.3"
    source-map "^0.5.6"

bignumber.js@9.0.0:
  version "9.0.0"
  resolved "https://registry.npmmirror.com/bignumber.js/download/bignumber.js-9.0.0.tgz"
  integrity sha512-t/OYhhJ2SD+YGBQcjY8GzzDHEk9f3nerxjtfa6tlMXfe7frs/WozhvCNoGvpM0P3bNf3Gq5ZRMlGr5f3r4/N8A==

body-parser@1.19.1:
  version "1.19.1"
  resolved "https://registry.npmmirror.com/body-parser/download/body-parser-1.19.1.tgz"
  integrity sha512-8ljfQi5eBk8EJfECMrgqNGWPEY5jWP+1IzkzkGdFFEwFQZZyaZ21UqdaHktgiMlH0xLHqIFtE/u2OYE5dOtViA==
  dependencies:
    bytes "3.1.1"
    content-type "~1.0.4"
    debug "2.6.9"
    depd "~1.1.2"
    http-errors "1.8.1"
    iconv-lite "0.4.24"
    on-finished "~2.3.0"
    qs "6.9.6"
    raw-body "2.4.2"
    type-is "~1.6.18"

buffer-equal-constant-time@1.0.1:
  version "1.0.1"
  resolved "https://registry.npmmirror.com/buffer-equal-constant-time/download/buffer-equal-constant-time-1.0.1.tgz#f8e71132f7ffe6e01a5c9697a4c6f3e48d5cc819"
  integrity sha1-+OcRMvf/5uAaXJaXpMbz5I1cyBk=

bytes@3.1.1:
  version "3.1.1"
  resolved "https://registry.npmmirror.com/bytes/download/bytes-3.1.1.tgz?cache=0&sync_timestamp=1637015097029&other_urls=https%3A%2F%2Fregistry.npmmirror.com%2Fbytes%2Fdownload%2Fbytes-3.1.1.tgz"
  integrity sha512-dWe4nWO/ruEOY7HkUJ5gFt1DCFV9zPRoJr8pV0/ASQermOZjtq8jMjOprC0Kd10GLN+l7xaUPvxzJFWtxGu8Fg==

camel-case@3.0.x:
  version "3.0.0"
  resolved "https://registry.npmmirror.com/camel-case/download/camel-case-3.0.0.tgz"
  integrity sha1-yjw2iKTpzzpM2nd9xNy8cTJJz3M=
  dependencies:
    no-case "^2.2.0"
    upper-case "^1.1.1"

charenc@0.0.2:
  version "0.0.2"
  resolved "https://registry.npmmirror.com/charenc/download/charenc-0.0.2.tgz#c0a1d2f3a7092e03774bfa83f14c0fc5790a8667"
  integrity sha1-wKHS86cJLgN3S/qD8UwPxXkKhmc=

clean-css@4.2.x:
  version "4.2.4"
  resolved "https://registry.npmmirror.com/clean-css/download/clean-css-4.2.4.tgz?cache=0&sync_timestamp=1634992314911&other_urls=https%3A%2F%2Fregistry.npmmirror.com%2Fclean-css%2Fdownload%2Fclean-css-4.2.4.tgz"
  integrity sha1-czv0brpOYHxokepXwkqYk1aDEXg=
  dependencies:
    source-map "~0.6.0"

commander@2.17.x:
  version "2.17.1"
  resolved "https://registry.npmmirror.com/commander/download/commander-2.17.1.tgz"
  integrity sha512-wPMUt6FnH2yzG95SA6mzjQOEKUU3aLaDEmzs1ti+1E9h+CsrZghRlqEM/EJ4KscsQVG8uNN4uVreUeT8+drlgg==

commander@~2.19.0:
  version "2.19.0"
  resolved "https://registry.npmmirror.com/commander/download/commander-2.19.0.tgz"
  integrity sha512-6tvAOO+D6OENvRAh524Dh9jcfKTYDQAqvqezbCW82xj5X0pSrcpxtvRKHLG0yBY6SD7PSDrJaj+0AiOcKVd1Xg==

content-disposition@0.5.4:
  version "0.5.4"
  resolved "https://registry.npmmirror.com/content-disposition/download/content-disposition-0.5.4.tgz"
  integrity sha512-FveZTNuGw04cxlAiWbzi6zTAL/lhehaWbTtgluJh4/E95DqMwTmha3KZN1aAWA8cFIhHzMZUvLevkw5Rqk+tSQ==
  dependencies:
    safe-buffer "5.2.1"

content-type@~1.0.4:
  version "1.0.4"
  resolved "https://registry.npmmirror.com/content-type/download/content-type-1.0.4.tgz"
  integrity sha1-4TjMdeBAxyexlm/l5fjJruJW/js=

cookie-parser@^1.4.5:
  version "1.4.6"
  resolved "https://registry.npmmirror.com/cookie-parser/download/cookie-parser-1.4.6.tgz"
  integrity sha512-z3IzaNjdwUC2olLIB5/ITd0/setiaFMLYiZJle7xg5Fe9KWAceil7xszYfHHBtDFYLSgJduS2Ty0P1uJdPDJeA==
  dependencies:
    cookie "0.4.1"
    cookie-signature "1.0.6"

cookie-session@^1.4.0:
  version "1.4.0"
  resolved "https://registry.npmmirror.com/cookie-session/download/cookie-session-1.4.0.tgz"
  integrity sha1-wyWupoXOucjk/QCwMTpG1Ud0c4A=
  dependencies:
    cookies "0.8.0"
    debug "2.6.9"
    on-headers "~1.0.2"

cookie-signature@1.0.6:
  version "1.0.6"
  resolved "https://registry.npmmirror.com/cookie-signature/download/cookie-signature-1.0.6.tgz"
  integrity sha1-4wOogrNCzD7oylE6eZmXNNqzriw=

cookie@0.4.1:
  version "0.4.1"
  resolved "https://registry.npmmirror.com/cookie/download/cookie-0.4.1.tgz"
  integrity sha512-ZwrFkGJxUR3EIoXtO+yVE69Eb7KlixbaeAWfBQB9vVsNn/o+Yw69gBWSSDK825hQNdN+wF8zELf3dFNl/kxkUA==

cookies@0.8.0:
  version "0.8.0"
  resolved "https://registry.npmmirror.com/cookies/download/cookies-0.8.0.tgz"
  integrity sha512-8aPsApQfebXnuI+537McwYsDtjVxGm8gTIzQI3FDW6t5t/DAhERxtnbEPN/8RX+uZthoz4eCOgloXaE5cYyNow==
  dependencies:
    depd "~2.0.0"
    keygrip "~1.1.0"

core-util-is@~1.0.0:
  version "1.0.3"
  resolved "https://registry.npmmirror.com/core-util-is/download/core-util-is-1.0.3.tgz"
  integrity sha1-pgQtNjTCsn6TKPg3uWX6yDgI24U=

crypt@0.0.2:
  version "0.0.2"
  resolved "https://registry.npmmirror.com/crypt/download/crypt-0.0.2.tgz#88d7ff7ec0dfb86f713dc87bbb42d044d3e6c41b"
  integrity sha1-iNf/fsDfuG9xPch7u0LQRNPmxBs=

debug@2.6.9:
  version "2.6.9"
  resolved "https://registry.npmmirror.com/debug/download/debug-2.6.9.tgz"
  integrity sha512-bC7ElrdJaJnPbAP+1EotYvqZsb3ecl5wi6Bfi6BJTUcNowp6cvspg0jXznRTKDjm/E7AdgFBVeAPVMNcKGsHMA==
  dependencies:
    ms "2.0.0"

deep-is@~0.1.3:
  version "0.1.4"
  resolved "https://registry.npmmirror.com/deep-is/download/deep-is-0.1.4.tgz"
  integrity sha1-pvLc5hL63S7x9Rm3NVHxfoUZmDE=

depd@~1.1.2:
  version "1.1.2"
  resolved "https://registry.npmmirror.com/depd/download/depd-1.1.2.tgz?cache=0&sync_timestamp=1632469617288&other_urls=https%3A%2F%2Fregistry.npmmirror.com%2Fdepd%2Fdownload%2Fdepd-1.1.2.tgz"
  integrity sha1-m81S4UwJd2PnSbJ0xDRu0uVgtak=

depd@~2.0.0:
  version "2.0.0"
  resolved "https://registry.npmmirror.com/depd/download/depd-2.0.0.tgz?cache=0&sync_timestamp=1632469617288&other_urls=https%3A%2F%2Fregistry.npmmirror.com%2Fdepd%2Fdownload%2Fdepd-2.0.0.tgz"
  integrity sha1-tpYWPMdXVg0JzyLMj60Vcbeedt8=

destroy@~1.0.4:
  version "1.0.4"
  resolved "https://registry.npmmirror.com/destroy/download/destroy-1.0.4.tgz"
  integrity sha1-l4hXRCxEdJ5CBmE+N5RiBYJqvYA=

ecdsa-sig-formatter@1.0.11:
  version "1.0.11"
  resolved "https://registry.npmmirror.com/ecdsa-sig-formatter/download/ecdsa-sig-formatter-1.0.11.tgz#ae0f0fa2d85045ef14a817daa3ce9acd0489e5bf"
  integrity sha1-rg8PothQRe8UqBfao86azQSJ5b8=
  dependencies:
    safe-buffer "^5.0.1"

ee-first@1.1.1:
  version "1.1.1"
  resolved "https://registry.npmmirror.com/ee-first/download/ee-first-1.1.1.tgz"
  integrity sha1-WQxhFWsK4vTwJVcyoViyZrxWsh0=

encodeurl@~1.0.2:
  version "1.0.2"
  resolved "https://registry.npmmirror.com/encodeurl/download/encodeurl-1.0.2.tgz"
  integrity sha512-TPJXq8JqFaVYm2CWmPvnP2Iyo4ZSM7/QKcSmuMLDObfpH5fi7RUGmd/rTDf+rut/saiDiQEeVTNgAmJEdAOx0w==

escape-html@~1.0.3:
  version "1.0.3"
  resolved "https://registry.npmmirror.com/escape-html/download/escape-html-1.0.3.tgz"
  integrity sha1-Aljq5NPQwJdN4cFpGI7wBR0dGYg=

escodegen@^1.8.1:
  version "1.14.3"
  resolved "https://registry.npmmirror.com/escodegen/download/escodegen-1.14.3.tgz"
  integrity sha1-TnuB+6YVgdyXWC7XjKt/Do1j9QM=
  dependencies:
    esprima "^4.0.1"
    estraverse "^4.2.0"
    esutils "^2.0.2"
    optionator "^0.8.1"
  optionalDependencies:
    source-map "~0.6.1"

esprima@^4.0.1:
  version "4.0.1"
  resolved "https://registry.npmmirror.com/esprima/download/esprima-4.0.1.tgz"
  integrity sha1-E7BM2z5sXRnfkatph6hpVhmwqnE=

estraverse@^4.2.0:
  version "4.3.0"
  resolved "https://registry.npmmirror.com/estraverse/download/estraverse-4.3.0.tgz?cache=0&sync_timestamp=1635237716974&other_urls=https%3A%2F%2Fregistry.npmmirror.com%2Festraverse%2Fdownload%2Festraverse-4.3.0.tgz"
  integrity sha1-OYrT88WiSUi+dyXoPRGn3ijNvR0=

esutils@^2.0.2:
  version "2.0.3"
  resolved "https://registry.npmmirror.com/esutils/download/esutils-2.0.3.tgz"
  integrity sha1-dNLrTeC42hKTcRkQ1Qd1ubcQ72Q=

etag@~1.8.1:
  version "1.8.1"
  resolved "https://registry.npmmirror.com/etag/download/etag-1.8.1.tgz"
  integrity sha1-Qa4u62XvpiJorr/qg6x9eSmbCIc=

express-art-template@^1.0.1:
  version "1.0.1"
  resolved "https://registry.npmmirror.com/express-art-template/download/express-art-template-1.0.1.tgz"
  integrity sha1-+96TatzgRizeGR013ZznC0r1d5g=

express@^4.17.2:
  version "4.17.2"
  resolved "https://registry.npmmirror.com/express/download/express-4.17.2.tgz"
  integrity sha512-oxlxJxcQlYwqPWKVJJtvQiwHgosH/LrLSPA+H4UxpyvSS6jC5aH+5MoHFM+KABgTOt0APue4w66Ha8jCUo9QGg==
  dependencies:
    accepts "~1.3.7"
    array-flatten "1.1.1"
    body-parser "1.19.1"
    content-disposition "0.5.4"
    content-type "~1.0.4"
    cookie "0.4.1"
    cookie-signature "1.0.6"
    debug "2.6.9"
    depd "~1.1.2"
    encodeurl "~1.0.2"
    escape-html "~1.0.3"
    etag "~1.8.1"
    finalhandler "~1.1.2"
    fresh "0.5.2"
    merge-descriptors "1.0.1"
    methods "~1.1.2"
    on-finished "~2.3.0"
    parseurl "~1.3.3"
    path-to-regexp "0.1.7"
    proxy-addr "~2.0.7"
    qs "6.9.6"
    range-parser "~1.2.1"
    safe-buffer "5.2.1"
    send "0.17.2"
    serve-static "1.14.2"
    setprototypeof "1.2.0"
    statuses "~1.5.0"
    type-is "~1.6.18"
    utils-merge "1.0.1"
    vary "~1.1.2"

fast-levenshtein@~2.0.6:
  version "2.0.6"
  resolved "https://registry.npmmirror.com/fast-levenshtein/download/fast-levenshtein-2.0.6.tgz"
  integrity sha1-PYpcZog6FqMMqGQ+hR8Zuqd5eRc=

finalhandler@~1.1.2:
  version "1.1.2"
  resolved "https://registry.npmmirror.com/finalhandler/download/finalhandler-1.1.2.tgz"
  integrity sha1-t+fQAP/RGTjQ/bBTUG9uur6fWH0=
  dependencies:
    debug "2.6.9"
    encodeurl "~1.0.2"
    escape-html "~1.0.3"
    on-finished "~2.3.0"
    parseurl "~1.3.3"
    statuses "~1.5.0"
    unpipe "~1.0.0"

forwarded@0.2.0:
  version "0.2.0"
  resolved "https://registry.npmmirror.com/forwarded/download/forwarded-0.2.0.tgz"
  integrity sha1-ImmTZCiq1MFcfr6XeahL8LKoGBE=

fresh@0.5.2:
  version "0.5.2"
  resolved "https://registry.npmmirror.com/fresh/download/fresh-0.5.2.tgz"
  integrity sha1-PYyt2Q2XZWn6g1qx+OSyOhBWBac=

he@1.2.x:
  version "1.2.0"
  resolved "https://registry.npmmirror.com/he/download/he-1.2.0.tgz"
  integrity sha1-hK5l+n6vsWX922FWauFLrwVmTw8=

html-minifier@^3.4.3:
  version "3.5.21"
  resolved "https://registry.npmmirror.com/html-minifier/download/html-minifier-3.5.21.tgz"
  integrity sha1-0AQOBUcw41TbAIRjWTGUAVIS0gw=
  dependencies:
    camel-case "3.0.x"
    clean-css "4.2.x"
    commander "2.17.x"
    he "1.2.x"
    param-case "2.1.x"
    relateurl "0.2.x"
    uglify-js "3.4.x"

http-errors@1.8.1:
  version "1.8.1"
  resolved "https://registry.npmmirror.com/http-errors/download/http-errors-1.8.1.tgz"
  integrity sha512-Kpk9Sm7NmI+RHhnj6OIWDI1d6fIoFAtFt9RLaTMRlg/8w49juAStsrBgp0Dp4OdxdVbRIeKhtCUvoi/RuAhO4g==
  dependencies:
    depd "~1.1.2"
    inherits "2.0.4"
    setprototypeof "1.2.0"
    statuses ">= 1.5.0 < 2"
    toidentifier "1.0.1"

iconv-lite@0.4.24:
  version "0.4.24"
  resolved "https://registry.npmmirror.com/iconv-lite/download/iconv-lite-0.4.24.tgz"
  integrity sha1-ICK0sl+93CHS9SSXSkdKr+czkIs=
  dependencies:
    safer-buffer ">= 2.1.2 < 3"

inherits@2.0.4, inherits@~2.0.3:
  version "2.0.4"
  resolved "https://registry.npmmirror.com/inherits/download/inherits-2.0.4.tgz"
  integrity sha1-D6LGT5MpF8NDOg3tVTY6rjdBa3w=

ipaddr.js@1.9.1:
  version "1.9.1"
  resolved "https://registry.npmmirror.com/ipaddr.js/download/ipaddr.js-1.9.1.tgz"
  integrity sha1-v/OFQ+64mEglB5/zoqjmy9RngbM=

is-buffer@~1.1.6:
  version "1.1.6"
  resolved "https://registry.npmmirror.com/is-buffer/download/is-buffer-1.1.6.tgz#efaa2ea9daa0d7ab2ea13a97b2b8ad51fefbe8be"
  integrity sha1-76ouqdqg16suoTqXsritUf776L4=

is-keyword-js@^1.0.3:
  version "1.0.3"
  resolved "https://registry.npmmirror.com/is-keyword-js/download/is-keyword-js-1.0.3.tgz"
  integrity sha1-rDDc81tnH0snsX9ctXI1EmAhEy0=

isarray@~1.0.0:
  version "1.0.0"
  resolved "https://registry.npmmirror.com/isarray/download/isarray-1.0.0.tgz"
  integrity sha512-VLghIWNM6ELQzo7zwmcg0NmTVyWKYjvIeM83yjp0wRDTmUnrM678fQbcKBo6n2CJEF0szoG//ytg+TKla89ALQ==

js-base64@^3.7.2:
  version "3.7.2"
  resolved "https://registry.npmmirror.com/js-base64/download/js-base64-3.7.2.tgz#816d11d81a8aff241603d19ce5761e13e41d7745"
  integrity sha512-NnRs6dsyqUXejqk/yv2aiXlAvOs56sLkX6nUdeaNezI5LFFLlsZjOThmwnrcwh5ZZRwZlCMnVAY3CvhIhoVEKQ==

js-tokens@^3.0.1:
  version "3.0.2"
  resolved "https://registry.npmmirror.com/js-tokens/download/js-tokens-3.0.2.tgz"
  integrity sha1-mGbfOVECEw449/mWvOtlRDIJwls=

jsonwebtoken@^8.5.1:
  version "8.5.1"
  resolved "https://registry.npmmirror.com/jsonwebtoken/download/jsonwebtoken-8.5.1.tgz#00e71e0b8df54c2121a1f26137df2280673bcc0d"
  integrity sha512-XjwVfRS6jTMsqYs0EsuJ4LGxXV14zQybNd4L2r0UvbVnSF9Af8x7p5MzbJ90Ioz/9TI41/hTCvznF/loiSzn8w==
  dependencies:
    jws "^3.2.2"
    lodash.includes "^4.3.0"
    lodash.isboolean "^3.0.3"
    lodash.isinteger "^4.0.4"
    lodash.isnumber "^3.0.3"
    lodash.isplainobject "^4.0.6"
    lodash.isstring "^4.0.1"
    lodash.once "^4.0.0"
    ms "^2.1.1"
    semver "^5.6.0"

jwa@^1.4.1:
  version "1.4.1"
  resolved "https://registry.npmmirror.com/jwa/download/jwa-1.4.1.tgz#743c32985cb9e98655530d53641b66c8645b039a"
  integrity sha1-dDwymFy56YZVUw1TZBtmyGRbA5o=
  dependencies:
    buffer-equal-constant-time "1.0.1"
    ecdsa-sig-formatter "1.0.11"
    safe-buffer "^5.0.1"

jws@^3.2.2:
  version "3.2.2"
  resolved "https://registry.npmmirror.com/jws/download/jws-3.2.2.tgz#001099f3639468c9414000e99995fa52fb478304"
  integrity sha1-ABCZ82OUaMlBQADpmZX6UvtHgwQ=
  dependencies:
    jwa "^1.4.1"
    safe-buffer "^5.0.1"

keygrip@~1.1.0:
  version "1.1.0"
  resolved "https://registry.npmmirror.com/keygrip/download/keygrip-1.1.0.tgz"
  integrity sha1-hxsWgdXhWcYqRFsMdLYV4JF+ciY=
  dependencies:
    tsscmp "1.0.6"

levn@~0.3.0:
  version "0.3.0"
  resolved "https://registry.npmmirror.com/levn/download/levn-0.3.0.tgz"
  integrity sha1-OwmSTt+fCDwEkP3UwLxEIeBHZO4=
  dependencies:
    prelude-ls "~1.1.2"
    type-check "~0.3.2"

lodash.includes@^4.3.0:
  version "4.3.0"
  resolved "https://registry.npmmirror.com/lodash.includes/download/lodash.includes-4.3.0.tgz#60bb98a87cb923c68ca1e51325483314849f553f"
  integrity sha1-YLuYqHy5I8aMoeUTJUgzFISfVT8=

lodash.isboolean@^3.0.3:
  version "3.0.3"
  resolved "https://registry.npmmirror.com/lodash.isboolean/download/lodash.isboolean-3.0.3.tgz#6c2e171db2a257cd96802fd43b01b20d5f5870f6"
  integrity sha512-Bz5mupy2SVbPHURB98VAcw+aHh4vRV5IPNhILUCsOzRmsTmSQ17jIuqopAentWoehktxGd9e/hbIXq980/1QJg==

lodash.isinteger@^4.0.4:
  version "4.0.4"
  resolved "https://registry.npmmirror.com/lodash.isinteger/download/lodash.isinteger-4.0.4.tgz#619c0af3d03f8b04c31f5882840b77b11cd68343"
  integrity sha1-YZwK89A/iwTDH1iChAt3sRzWg0M=

lodash.isnumber@^3.0.3:
  version "3.0.3"
  resolved "https://registry.npmmirror.com/lodash.isnumber/download/lodash.isnumber-3.0.3.tgz#3ce76810c5928d03352301ac287317f11c0b1ffc"
  integrity sha1-POdoEMWSjQM1IwGsKHMX8RwLH/w=

lodash.isplainobject@^4.0.6:
  version "4.0.6"
  resolved "https://registry.npmmirror.com/lodash.isplainobject/download/lodash.isplainobject-4.0.6.tgz#7c526a52d89b45c45cc690b88163be0497f550cb"
  integrity sha1-fFJqUtibRcRcxpC4gWO+BJf1UMs=

lodash.isstring@^4.0.1:
  version "4.0.1"
  resolved "https://registry.npmmirror.com/lodash.isstring/download/lodash.isstring-4.0.1.tgz#d527dfb5456eca7cc9bb95d5daeaf88ba54a5451"
  integrity sha1-1SfftUVuynzJu5XV2ur4i6VKVFE=

lodash.once@^4.0.0:
  version "4.1.1"
  resolved "https://registry.npmmirror.com/lodash.once/download/lodash.once-4.1.1.tgz#0dd3971213c7c56df880977d504c88fb471a97ac"
  integrity sha1-DdOXEhPHxW34gJd9UEyI+0cal6w=

lower-case@^1.1.1:
  version "1.1.4"
  resolved "https://registry.npmmirror.com/lower-case/download/lower-case-1.1.4.tgz"
  integrity sha1-miyr0bno4K6ZOkv31YdcOcQujqw=

md5@^2.3.0:
  version "2.3.0"
  resolved "https://registry.npmmirror.com/md5/download/md5-2.3.0.tgz#c3da9a6aae3a30b46b7b0c349b87b110dc3bda4f"
  integrity sha512-T1GITYmFaKuO91vxyoQMFETst+O71VUPEU3ze5GNzDm0OWdP8v1ziTaAEPUr/3kLsY3Sftgz242A1SetQiDL7g==
  dependencies:
    charenc "0.0.2"
    crypt "0.0.2"
    is-buffer "~1.1.6"

media-typer@0.3.0:
  version "0.3.0"
  resolved "https://registry.npmmirror.com/media-typer/download/media-typer-0.3.0.tgz"
  integrity sha1-hxDXrwqmJvj/+hzgAWhUUmMlV0g=

merge-descriptors@1.0.1:
  version "1.0.1"
  resolved "https://registry.npmmirror.com/merge-descriptors/download/merge-descriptors-1.0.1.tgz"
  integrity sha1-sAqqVW3YtEVoFQ7J0blT8/kMu2E=

merge-source-map@^1.0.3:
  version "1.1.0"
  resolved "https://registry.npmmirror.com/merge-source-map/download/merge-source-map-1.1.0.tgz"
  integrity sha1-L93n5gIJOfcJBqaPLXrmheTIxkY=
  dependencies:
    source-map "^0.6.1"

methods@~1.1.2:
  version "1.1.2"
  resolved "https://registry.npmmirror.com/methods/download/methods-1.1.2.tgz"
  integrity sha1-VSmk1nZUE07cxSZmVoNbD4Ua/O4=

mime-db@1.51.0:
  version "1.51.0"
  resolved "https://registry.npmmirror.com/mime-db/download/mime-db-1.51.0.tgz?cache=0&sync_timestamp=1636425999210&other_urls=https%3A%2F%2Fregistry.npmmirror.com%2Fmime-db%2Fdownload%2Fmime-db-1.51.0.tgz"
  integrity sha512-5y8A56jg7XVQx2mbv1lu49NR4dokRnhZYTtL+KGfaa27uq4pSTXkwQkFJl4pkRMyNFz/EtYDSkiiEHx3F7UN6g==

mime-types@~2.1.24:
  version "2.1.34"
  resolved "https://registry.npmmirror.com/mime-types/download/mime-types-2.1.34.tgz?cache=0&sync_timestamp=1636432299957&other_urls=https%3A%2F%2Fregistry.npmmirror.com%2Fmime-types%2Fdownload%2Fmime-types-2.1.34.tgz"
  integrity sha512-6cP692WwGIs9XXdOO4++N+7qjqv0rqxxVvJ3VHPh/Sc9mVZcQP+ZGhkKiTvWMQRr2tbHkJP/Yn7Y0npb3ZBs4A==
  dependencies:
    mime-db "1.51.0"

mime@1.6.0:
  version "1.6.0"
  resolved "https://registry.npmmirror.com/mime/download/mime-1.6.0.tgz"
  integrity sha1-Ms2eXGRVO9WNGaVor0Uqz/BJgbE=

moment@^2.29.1:
  version "2.29.1"
  resolved "https://registry.npmmirror.com/moment/download/moment-2.29.1.tgz"
  integrity sha512-kHmoybcPV8Sqy59DwNDY3Jefr64lK/by/da0ViFcuA4DH0vQg5Q6Ze5VimxkfQNSC+Mls/Kx53s7TjP1RhFEDQ==

ms@2.0.0:
  version "2.0.0"
  resolved "https://registry.npmmirror.com/ms/download/ms-2.0.0.tgz"
  integrity sha1-VgiurfwAvmwpAd9fmGF4jeDVl8g=

ms@2.1.3, ms@^2.1.1:
  version "2.1.3"
  resolved "https://registry.npmmirror.com/ms/download/ms-2.1.3.tgz"
  integrity sha1-V0yBOM4dK1hh8LRFedut1gxmFbI=

mysql@^2.18.1:
  version "2.18.1"
  resolved "https://registry.npmmirror.com/mysql/download/mysql-2.18.1.tgz"
  integrity sha512-Bca+gk2YWmqp2Uf6k5NFEurwY/0td0cpebAucFpY/3jhrwrVGuxU2uQFCHjU19SJfje0yQvi+rVWdq78hR5lig==
  dependencies:
    bignumber.js "9.0.0"
    readable-stream "2.3.7"
    safe-buffer "5.1.2"
    sqlstring "2.3.1"

negotiator@0.6.2:
  version "0.6.2"
  resolved "https://registry.npmmirror.com/negotiator/download/negotiator-0.6.2.tgz"
  integrity sha1-/qz3zPUlp3rpY0Q2pkiD/+yjRvs=

no-case@^2.2.0:
  version "2.3.2"
  resolved "https://registry.npmmirror.com/no-case/download/no-case-2.3.2.tgz"
  integrity sha1-YLgTOWvjmz8SiKTB7V0efSi0ZKw=
  dependencies:
    lower-case "^1.1.1"

on-finished@~2.3.0:
  version "2.3.0"
  resolved "https://registry.npmmirror.com/on-finished/download/on-finished-2.3.0.tgz"
  integrity sha1-IPEzZIGwg811M3mSoWlxqi2QaUc=
  dependencies:
    ee-first "1.1.1"

on-headers@~1.0.2:
  version "1.0.2"
  resolved "https://registry.npmmirror.com/on-headers/download/on-headers-1.0.2.tgz"
  integrity sha1-dysK5qqlJcOZ5Imt+tkMQD6zwo8=

opentype.js@^0.7.3:
  version "0.7.3"
  resolved "https://registry.npmmirror.com/opentype.js/download/opentype.js-0.7.3.tgz"
  integrity sha1-QPuM4Yv9YOdESO/f5EKDQJg5eqs=
  dependencies:
    tiny-inflate "^1.0.2"

optionator@^0.8.1:
  version "0.8.3"
  resolved "https://registry.npmmirror.com/optionator/download/optionator-0.8.3.tgz"
  integrity sha1-hPodA2/p08fiHZmIS2ARZ+yPtJU=
  dependencies:
    deep-is "~0.1.3"
    fast-levenshtein "~2.0.6"
    levn "~0.3.0"
    prelude-ls "~1.1.2"
    type-check "~0.3.2"
    word-wrap "~1.2.3"

param-case@2.1.x:
  version "2.1.1"
  resolved "https://registry.npmmirror.com/param-case/download/param-case-2.1.1.tgz"
  integrity sha1-35T9jPZTHs915r75oIWPvHK+Ikc=
  dependencies:
    no-case "^2.2.0"

parseurl@~1.3.3:
  version "1.3.3"
  resolved "https://registry.npmmirror.com/parseurl/download/parseurl-1.3.3.tgz"
  integrity sha1-naGee+6NEt/wUT7Vt2lXeTvC6NQ=

path-to-regexp@0.1.7:
  version "0.1.7"
  resolved "https://registry.npmmirror.com/path-to-regexp/download/path-to-regexp-0.1.7.tgz"
  integrity sha512-5DFkuoqlv1uYQKxy8omFBeJPQcdoE07Kv2sferDCrAq1ohOU+MSDswDIbnx3YAM60qIOnYa53wBhXW0EbMonrQ==

prelude-ls@~1.1.2:
  version "1.1.2"
  resolved "https://registry.npmmirror.com/prelude-ls/download/prelude-ls-1.1.2.tgz"
  integrity sha1-IZMqVJ9eUv/ZqCf1cOBL5iqX2lQ=

process-nextick-args@~2.0.0:
  version "2.0.1"
  resolved "https://registry.npmmirror.com/process-nextick-args/download/process-nextick-args-2.0.1.tgz"
  integrity sha1-eCDZsWEgzFXKmud5JoCufbptf+I=

proxy-addr@~2.0.7:
  version "2.0.7"
  resolved "https://registry.npmmirror.com/proxy-addr/download/proxy-addr-2.0.7.tgz"
  integrity sha1-8Z/mnOqzEe65S0LnDowgcPm6ECU=
  dependencies:
    forwarded "0.2.0"
    ipaddr.js "1.9.1"

qs@6.9.6:
  version "6.9.6"
  resolved "https://registry.npmmirror.com/qs/download/qs-6.9.6.tgz"
  integrity sha512-TIRk4aqYLNoJUbd+g2lEdz5kLWIuTMRagAXxl78Q0RiVjAOugHmeKNGdd3cwo/ktpf9aL9epCfFqWDEKysUlLQ==

range-parser@~1.2.1:
  version "1.2.1"
  resolved "https://registry.npmmirror.com/range-parser/download/range-parser-1.2.1.tgz"
  integrity sha1-PPNwI9GZ4cJNGlW4SADC8+ZGgDE=

raw-body@2.4.2:
  version "2.4.2"
  resolved "https://registry.npmmirror.com/raw-body/download/raw-body-2.4.2.tgz?cache=0&sync_timestamp=1637116816390&other_urls=https%3A%2F%2Fregistry.npmmirror.com%2Fraw-body%2Fdownload%2Fraw-body-2.4.2.tgz"
  integrity sha512-RPMAFUJP19WIet/99ngh6Iv8fzAbqum4Li7AD6DtGaW2RpMB/11xDoalPiJMTbu6I3hkbMVkATvZrqb9EEqeeQ==
  dependencies:
    bytes "3.1.1"
    http-errors "1.8.1"
    iconv-lite "0.4.24"
    unpipe "1.0.0"

readable-stream@2.3.7:
  version "2.3.7"
  resolved "https://registry.npmmirror.com/readable-stream/download/readable-stream-2.3.7.tgz?cache=0&sync_timestamp=1632380409088&other_urls=https%3A%2F%2Fregistry.npmmirror.com%2Freadable-stream%2Fdownload%2Freadable-stream-2.3.7.tgz"
  integrity sha1-Hsoc9xGu+BTAT2IlKjamL2yyO1c=
  dependencies:
    core-util-is "~1.0.0"
    inherits "~2.0.3"
    isarray "~1.0.0"
    process-nextick-args "~2.0.0"
    safe-buffer "~5.1.1"
    string_decoder "~1.1.1"
    util-deprecate "~1.0.1"

relateurl@0.2.x:
  version "0.2.7"
  resolved "https://registry.npmmirror.com/relateurl/download/relateurl-0.2.7.tgz"
  integrity sha1-VNvzd+UUQKypCkzSdGANP/LYiKk=

safe-buffer@5.1.2, safe-buffer@~5.1.0, safe-buffer@~5.1.1:
  version "5.1.2"
  resolved "https://registry.npmmirror.com/safe-buffer/download/safe-buffer-5.1.2.tgz"
  integrity sha1-mR7GnSluAxN0fVm9/St0XDX4go0=

safe-buffer@5.2.1, safe-buffer@^5.0.1:
  version "5.2.1"
  resolved "https://registry.npmmirror.com/safe-buffer/download/safe-buffer-5.2.1.tgz"
  integrity sha1-Hq+fqb2x/dTsdfWPnNtOa3gn7sY=

"safer-buffer@>= 2.1.2 < 3":
  version "2.1.2"
  resolved "https://registry.npmmirror.com/safer-buffer/download/safer-buffer-2.1.2.tgz"
  integrity sha1-RPoWGwGHuVSd2Eu5GAL5vYOFzWo=

semver@^5.6.0:
  version "5.7.1"
  resolved "https://registry.npmmirror.com/semver/download/semver-5.7.1.tgz#a954f931aeba508d307bbf069eff0c01c96116f7"
  integrity sha1-qVT5Ma66UI0we78Gnv8MAclhFvc=

send@0.17.2:
  version "0.17.2"
  resolved "https://registry.npmmirror.com/send/download/send-0.17.2.tgz"
  integrity sha512-UJYB6wFSJE3G00nEivR5rgWp8c2xXvJ3OPWPhmuteU0IKj8nKbG3DrjiOmLwpnHGYWAVwA69zmTm++YG0Hmwww==
  dependencies:
    debug "2.6.9"
    depd "~1.1.2"
    destroy "~1.0.4"
    encodeurl "~1.0.2"
    escape-html "~1.0.3"
    etag "~1.8.1"
    fresh "0.5.2"
    http-errors "1.8.1"
    mime "1.6.0"
    ms "2.1.3"
    on-finished "~2.3.0"
    range-parser "~1.2.1"
    statuses "~1.5.0"

serve-static@1.14.2:
  version "1.14.2"
  resolved "https://registry.npmmirror.com/serve-static/download/serve-static-1.14.2.tgz"
  integrity sha512-+TMNA9AFxUEGuC0z2mevogSnn9MXKb4fa7ngeRMJaaGv8vTwnIEkKi+QGvPt33HSnf8pRS+WGM0EbMtCJLKMBQ==
  dependencies:
    encodeurl "~1.0.2"
    escape-html "~1.0.3"
    parseurl "~1.3.3"
    send "0.17.2"

setprototypeof@1.2.0:
  version "1.2.0"
  resolved "https://registry.npmmirror.com/setprototypeof/download/setprototypeof-1.2.0.tgz"
  integrity sha1-ZsmiSnP5/CjL5msJ/tPTPcrxtCQ=

source-map@^0.5.6:
  version "0.5.7"
  resolved "https://registry.npmmirror.com/source-map/download/source-map-0.5.7.tgz"
  integrity sha1-igOdLRAh0i0eoUyA2OpGi6LvP8w=

source-map@^0.6.1, source-map@~0.6.0, source-map@~0.6.1:
  version "0.6.1"
  resolved "https://registry.npmmirror.com/source-map/download/source-map-0.6.1.tgz"
  integrity sha1-dHIq8y6WFOnCh6jQu95IteLxomM=

sqlstring@2.3.1:
  version "2.3.1"
  resolved "https://registry.npmmirror.com/sqlstring/download/sqlstring-2.3.1.tgz"
  integrity sha512-ooAzh/7dxIG5+uDik1z/Rd1vli0+38izZhGzSa34FwR7IbelPWCCKSNIl8jlL/F7ERvy8CB2jNeM1E9i9mXMAQ==

"statuses@>= 1.5.0 < 2", statuses@~1.5.0:
  version "1.5.0"
  resolved "https://registry.npmmirror.com/statuses/download/statuses-1.5.0.tgz"
  integrity sha1-Fhx9rBd2Wf2YEfQ3cfqZOBR4Yow=

string_decoder@~1.1.1:
  version "1.1.1"
  resolved "https://registry.npmmirror.com/string_decoder/download/string_decoder-1.1.1.tgz"
  integrity sha1-nPFhG6YmhdcDCunkujQUnDrwP8g=
  dependencies:
    safe-buffer "~5.1.0"

svg-captcha@^1.4.0:
  version "1.4.0"
  resolved "https://registry.npmmirror.com/svg-captcha/download/svg-captcha-1.4.0.tgz"
  integrity sha1-MurTxkY5NsIYuzvJ7QT+pO7/5JI=
  dependencies:
    opentype.js "^0.7.3"

tiny-inflate@^1.0.2:
  version "1.0.3"
  resolved "https://registry.npmmirror.com/tiny-inflate/download/tiny-inflate-1.0.3.tgz"
  integrity sha1-EicVSUkToYBRZqr3yTRnkz7qJsQ=

toidentifier@1.0.1:
  version "1.0.1"
  resolved "https://registry.npmmirror.com/toidentifier/download/toidentifier-1.0.1.tgz?cache=0&sync_timestamp=1636938470589&other_urls=https%3A%2F%2Fregistry.npmmirror.com%2Ftoidentifier%2Fdownload%2Ftoidentifier-1.0.1.tgz"
  integrity sha512-o5sSPKEkg/DIQNmH43V0/uerLrpzVedkUh8tGNvaeXpfpuwjKenlSox/2O/BTlZUtEe+JG7s5YhEz608PlAHRA==

tsscmp@1.0.6:
  version "1.0.6"
  resolved "https://registry.npmmirror.com/tsscmp/download/tsscmp-1.0.6.tgz"
  integrity sha1-hbmVg6w1iexL/vgltQAKqRHWBes=

type-check@~0.3.2:
  version "0.3.2"
  resolved "https://registry.npmmirror.com/type-check/download/type-check-0.3.2.tgz"
  integrity sha1-WITKtRLPHTVeP7eE8wgEsrUg23I=
  dependencies:
    prelude-ls "~1.1.2"

type-is@~1.6.18:
  version "1.6.18"
  resolved "https://registry.npmmirror.com/type-is/download/type-is-1.6.18.tgz"
  integrity sha1-TlUs0F3wlGfcvE73Od6J8s83wTE=
  dependencies:
    media-typer "0.3.0"
    mime-types "~2.1.24"

uglify-js@3.4.x:
  version "3.4.10"
  resolved "https://registry.npmmirror.com/uglify-js/download/uglify-js-3.4.10.tgz"
  integrity sha1-mtlWPY6zrN+404WX0q8dgV9qdV8=
  dependencies:
    commander "~2.19.0"
    source-map "~0.6.1"

unpipe@1.0.0, unpipe@~1.0.0:
  version "1.0.0"
  resolved "https://registry.npmmirror.com/unpipe/download/unpipe-1.0.0.tgz"
  integrity sha1-sr9O6FFKrmFltIF4KdIbLvSZBOw=

upper-case@^1.1.1:
  version "1.1.3"
  resolved "https://registry.npmmirror.com/upper-case/download/upper-case-1.1.3.tgz"
  integrity sha1-9rRQHC7EzdJrp4vnIilh3ndiFZg=

util-deprecate@~1.0.1:
  version "1.0.2"
  resolved "https://registry.npmmirror.com/util-deprecate/download/util-deprecate-1.0.2.tgz"
  integrity sha1-RQ1Nyfpw3nMnYvvS1KKJgUGaDM8=

utils-merge@1.0.1:
  version "1.0.1"
  resolved "https://registry.npmmirror.com/utils-merge/download/utils-merge-1.0.1.tgz"
  integrity sha1-n5VxD1CiZ5R7LMwSR0HBAoQn5xM=

vary@~1.1.2:
  version "1.1.2"
  resolved "https://registry.npmmirror.com/vary/download/vary-1.1.2.tgz"
  integrity sha1-IpnwLG3tMNSllhsLn3RSShj2NPw=

word-wrap@~1.2.3:
  version "1.2.3"
  resolved "https://registry.npmmirror.com/word-wrap/download/word-wrap-1.2.3.tgz"
  integrity sha1-YQY29rH3A4kb00dxzLF/uTtHB5w=
